
Microsoft Visual Studio Solution File, Format Version 12.00
# Visual Studio Version 17
VisualStudioVersion = 17.0.31903.59
MinimumVisualStudioVersion = 10.0.40219.1
Project("{2150E333-8FDC-42A3-9474-1A3956D46DE8}") = "src", "src", "{827E0CD3-B72D-47B6-A68D-7590B98EB39B}"
EndProject
Project("{FAE04EC0-301F-11D3-BF4B-00C04F79EFBC}") = "FantaF1.Api", "src\FantaF1.Api\FantaF1.Api.csproj", "{AF0A7428-9A54-46C0-8099-CA041922ED91}"
EndProject
Project("{FAE04EC0-301F-11D3-BF4B-00C04F79EFBC}") = "FantaF1.Application", "src\FantaF1.Application\FantaF1.Application.csproj", "{E714CD1A-EE90-488D-9A90-18D114C2074F}"
EndProject
Project("{FAE04EC0-301F-11D3-BF4B-00C04F79EFBC}") = "FantaF1.Domain", "src\FantaF1.Domain\FantaF1.Domain.csproj", "{BD50B17F-C61D-4B0B-A767-4508F61368D6}"
EndProject
Project("{FAE04EC0-301F-11D3-BF4B-00C04F79EFBC}") = "FantaF1.Infrastructure", "src\FantaF1.Infrastructure\FantaF1.Infrastructure.csproj", "{024FFF30-B5FA-423E-A504-FEB9B15DB6E8}"
EndProject
Project("{2150E333-8FDC-42A3-9474-1A3956D46DE8}") = "tests", "tests", "{0AB3BF05-4346-4AA6-1389-037BE0695223}"
EndProject
Project("{FAE04EC0-301F-11D3-BF4B-00C04F79EFBC}") = "FantaF1.Tests.Unit", "tests\FantaF1.Tests.Unit\FantaF1.Tests.Unit.csproj", "{E1B17858-23A0-4FAF-89BE-6F173D1B8061}"
EndProject
Project("{FAE04EC0-301F-11D3-BF4B-00C04F79EFBC}") = "FantaF1.Tests.Integration", "tests\FantaF1.Tests.Integration\FantaF1.Tests.Integration.csproj", "{352C7EC3-AEE0-4922-A6EA-4F2A64E99D24}"
EndProject
Project("{FAE04EC0-301F-11D3-BF4B-00C04F79EFBC}") = "FantaF1.Tests.Contract", "tests\FantaF1.Tests.Contract\FantaF1.Tests.Contract.csproj", "{AB04B7B8-E2C5-40E7-B0AA-F384A3004F48}"
EndProject
Global
	GlobalSection(SolutionConfigurationPlatforms) = preSolution
		Debug|Any CPU = Debug|Any CPU
		Debug|x64 = Debug|x64
		Debug|x86 = Debug|x86
		Release|Any CPU = Release|Any CPU
		Release|x64 = Release|x64
		Release|x86 = Release|x86
	EndGlobalSection
	GlobalSection(ProjectConfigurationPlatforms) = postSolution
		{AF0A7428-9A54-46C0-8099-CA041922ED91}.Debug|Any CPU.ActiveCfg = Debug|Any CPU
		{AF0A7428-9A54-46C0-8099-CA041922ED91}.Debug|Any CPU.Build.0 = Debug|Any CPU
		{AF0A7428-9A54-46C0-8099-CA041922ED91}.Debug|x64.ActiveCfg = Debug|Any CPU
		{AF0A7428-9A54-46C0-8099-CA041922ED91}.Debug|x64.Build.0 = Debug|Any CPU
		{AF0A7428-9A54-46C0-8099-CA041922ED91}.Debug|x86.ActiveCfg = Debug|Any CPU
		{AF0A7428-9A54-46C0-8099-CA041922ED91}.Debug|x86.Build.0 = Debug|Any CPU
		{AF0A7428-9A54-46C0-8099-CA041922ED91}.Release|Any CPU.ActiveCfg = Release|Any CPU
		{AF0A7428-9A54-46C0-8099-CA041922ED91}.Release|Any CPU.Build.0 = Release|Any CPU
		{AF0A7428-9A54-46C0-8099-CA041922ED91}.Release|x64.ActiveCfg = Release|Any CPU
		{AF0A7428-9A54-46C0-8099-CA041922ED91}.Release|x64.Build.0 = Release|Any CPU
		{AF0A7428-9A54-46C0-8099-CA041922ED91}.Release|x86.ActiveCfg = Release|Any CPU
		{AF0A7428-9A54-46C0-8099-CA041922ED91}.Release|x86.Build.0 = Release|Any CPU
		{E714CD1A-EE90-488D-9A90-18D114C2074F}.Debug|Any CPU.ActiveCfg = Debug|Any CPU
		{E714CD1A-EE90-488D-9A90-18D114C2074F}.Debug|Any CPU.Build.0 = Debug|Any CPU
		{E714CD1A-EE90-488D-9A90-18D114C2074F}.Debug|x64.ActiveCfg = Debug|Any CPU
		{E714CD1A-EE90-488D-9A90-18D114C2074F}.Debug|x64.Build.0 = Debug|Any CPU
		{E714CD1A-EE90-488D-9A90-18D114C2074F}.Debug|x86.ActiveCfg = Debug|Any CPU
		{E714CD1A-EE90-488D-9A90-18D114C2074F}.Debug|x86.Build.0 = Debug|Any CPU
		{E714CD1A-EE90-488D-9A90-18D114C2074F}.Release|Any CPU.ActiveCfg = Release|Any CPU
		{E714CD1A-EE90-488D-9A90-18D114C2074F}.Release|Any CPU.Build.0 = Release|Any CPU
		{E714CD1A-EE90-488D-9A90-18D114C2074F}.Release|x64.ActiveCfg = Release|Any CPU
		{E714CD1A-EE90-488D-9A90-18D114C2074F}.Release|x64.Build.0 = Release|Any CPU
		{E714CD1A-EE90-488D-9A90-18D114C2074F}.Release|x86.ActiveCfg = Release|Any CPU
		{E714CD1A-EE90-488D-9A90-18D114C2074F}.Release|x86.Build.0 = Release|Any CPU
		{BD50B17F-C61D-4B0B-A767-4508F61368D6}.Debug|Any CPU.ActiveCfg = Debug|Any CPU
		{BD50B17F-C61D-4B0B-A767-4508F61368D6}.Debug|Any CPU.Build.0 = Debug|Any CPU
		{BD50B17F-C61D-4B0B-A767-4508F61368D6}.Debug|x64.ActiveCfg = Debug|Any CPU
		{BD50B17F-C61D-4B0B-A767-4508F61368D6}.Debug|x64.Build.0 = Debug|Any CPU
		{BD50B17F-C61D-4B0B-A767-4508F61368D6}.Debug|x86.ActiveCfg = Debug|Any CPU
		{BD50B17F-C61D-4B0B-A767-4508F61368D6}.Debug|x86.Build.0 = Debug|Any CPU
		{BD50B17F-C61D-4B0B-A767-4508F61368D6}.Release|Any CPU.ActiveCfg = Release|Any CPU
		{BD50B17F-C61D-4B0B-A767-4508F61368D6}.Release|Any CPU.Build.0 = Release|Any CPU
		{BD50B17F-C61D-4B0B-A767-4508F61368D6}.Release|x64.ActiveCfg = Release|Any CPU
		{BD50B17F-C61D-4B0B-A767-4508F61368D6}.Release|x64.Build.0 = Release|Any CPU
		{BD50B17F-C61D-4B0B-A767-4508F61368D6}.Release|x86.ActiveCfg = Release|Any CPU
		{BD50B17F-C61D-4B0B-A767-4508F61368D6}.Release|x86.Build.0 = Release|Any CPU
		{024FFF30-B5FA-423E-A504-FEB9B15DB6E8}.Debug|Any CPU.ActiveCfg = Debug|Any CPU
		{024FFF30-B5FA-423E-A504-FEB9B15DB6E8}.Debug|Any CPU.Build.0 = Debug|Any CPU
		{024FFF30-B5FA-423E-A504-FEB9B15DB6E8}.Debug|x64.ActiveCfg = Debug|Any CPU
		{024FFF30-B5FA-423E-A504-FEB9B15DB6E8}.Debug|x64.Build.0 = Debug|Any CPU
		{024FFF30-B5FA-423E-A504-FEB9B15DB6E8}.Debug|x86.ActiveCfg = Debug|Any CPU
		{024FFF30-B5FA-423E-A504-FEB9B15DB6E8}.Debug|x86.Build.0 = Debug|Any CPU
		{024FFF30-B5FA-423E-A504-FEB9B15DB6E8}.Release|Any CPU.ActiveCfg = Release|Any CPU
		{024FFF30-B5FA-423E-A504-FEB9B15DB6E8}.Release|Any CPU.Build.0 = Release|Any CPU
		{024FFF30-B5FA-423E-A504-FEB9B15DB6E8}.Release|x64.ActiveCfg = Release|Any CPU
		{024FFF30-B5FA-423E-A504-FEB9B15DB6E8}.Release|x64.Build.0 = Release|Any CPU
		{024FFF30-B5FA-423E-A504-FEB9B15DB6E8}.Release|x86.ActiveCfg = Release|Any CPU
		{024FFF30-B5FA-423E-A504-FEB9B15DB6E8}.Release|x86.Build.0 = Release|Any CPU
		{E1B17858-23A0-4FAF-89BE-6F173D1B8061}.Debug|Any CPU.ActiveCfg = Debug|Any CPU
		{E1B17858-23A0-4FAF-89BE-6F173D1B8061}.Debug|Any CPU.Build.0 = Debug|Any CPU
		{E1B17858-23A0-4FAF-89BE-6F173D1B8061}.Debug|x64.ActiveCfg = Debug|Any CPU
		{E1B17858-23A0-4FAF-89BE-6F173D1B8061}.Debug|x64.Build.0 = Debug|Any CPU
		{E1B17858-23A0-4FAF-89BE-6F173D1B8061}.Debug|x86.ActiveCfg = Debug|Any CPU
		{E1B17858-23A0-4FAF-89BE-6F173D1B8061}.Debug|x86.Build.0 = Debug|Any CPU
		{E1B17858-23A0-4FAF-89BE-6F173D1B8061}.Release|Any CPU.ActiveCfg = Release|Any CPU
		{E1B17858-23A0-4FAF-89BE-6F173D1B8061}.Release|Any CPU.Build.0 = Release|Any CPU
		{E1B17858-23A0-4FAF-89BE-6F173D1B8061}.Release|x64.ActiveCfg = Release|Any CPU
		{E1B17858-23A0-4FAF-89BE-6F173D1B8061}.Release|x64.Build.0 = Release|Any CPU
		{E1B17858-23A0-4FAF-89BE-6F173D1B8061}.Release|x86.ActiveCfg = Release|Any CPU
		{E1B17858-23A0-4FAF-89BE-6F173D1B8061}.Release|x86.Build.0 = Release|Any CPU
		{352C7EC3-AEE0-4922-A6EA-4F2A64E99D24}.Debug|Any CPU.ActiveCfg = Debug|Any CPU
		{352C7EC3-AEE0-4922-A6EA-4F2A64E99D24}.Debug|Any CPU.Build.0 = Debug|Any CPU
		{352C7EC3-AEE0-4922-A6EA-4F2A64E99D24}.Debug|x64.ActiveCfg = Debug|Any CPU
		{352C7EC3-AEE0-4922-A6EA-4F2A64E99D24}.Debug|x64.Build.0 = Debug|Any CPU
		{352C7EC3-AEE0-4922-A6EA-4F2A64E99D24}.Debug|x86.ActiveCfg = Debug|Any CPU
		{352C7EC3-AEE0-4922-A6EA-4F2A64E99D24}.Debug|x86.Build.0 = Debug|Any CPU
		{352C7EC3-AEE0-4922-A6EA-4F2A64E99D24}.Release|Any CPU.ActiveCfg = Release|Any CPU
		{352C7EC3-AEE0-4922-A6EA-4F2A64E99D24}.Release|Any CPU.Build.0 = Release|Any CPU
		{352C7EC3-AEE0-4922-A6EA-4F2A64E99D24}.Release|x64.ActiveCfg = Release|Any CPU
		{352C7EC3-AEE0-4922-A6EA-4F2A64E99D24}.Release|x64.Build.0 = Release|Any CPU
		{352C7EC3-AEE0-4922-A6EA-4F2A64E99D24}.Release|x86.ActiveCfg = Release|Any CPU
		{352C7EC3-AEE0-4922-A6EA-4F2A64E99D24}.Release|x86.Build.0 = Release|Any CPU
		{AB04B7B8-E2C5-40E7-B0AA-F384A3004F48}.Debug|Any CPU.ActiveCfg = Debug|Any CPU
		{AB04B7B8-E2C5-40E7-B0AA-F384A3004F48}.Debug|Any CPU.Build.0 = Debug|Any CPU
		{AB04B7B8-E2C5-40E7-B0AA-F384A3004F48}.Debug|x64.ActiveCfg = Debug|Any CPU
		{AB04B7B8-E2C5-40E7-B0AA-F384A3004F48}.Debug|x64.Build.0 = Debug|Any CPU
		{AB04B7B8-E2C5-40E7-B0AA-F384A3004F48}.Debug|x86.ActiveCfg = Debug|Any CPU
		{AB04B7B8-E2C5-40E7-B0AA-F384A3004F48}.Debug|x86.Build.0 = Debug|Any CPU
		{AB04B7B8-E2C5-40E7-B0AA-F384A3004F48}.Release|Any CPU.ActiveCfg = Release|Any CPU
		{AB04B7B8-E2C5-40E7-B0AA-F384A3004F48}.Release|Any CPU.Build.0 = Release|Any CPU
		{AB04B7B8-E2C5-40E7-B0AA-F384A3004F48}.Release|x64.ActiveCfg = Release|Any CPU
		{AB04B7B8-E2C5-40E7-B0AA-F384A3004F48}.Release|x64.Build.0 = Release|Any CPU
		{AB04B7B8-E2C5-40E7-B0AA-F384A3004F48}.Release|x86.ActiveCfg = Release|Any CPU
		{AB04B7B8-E2C5-40E7-B0AA-F384A3004F48}.Release|x86.Build.0 = Release|Any CPU
	EndGlobalSection
	GlobalSection(SolutionProperties) = preSolution
		HideSolutionNode = FALSE
	EndGlobalSection
	GlobalSection(NestedProjects) = preSolution
		{AF0A7428-9A54-46C0-8099-CA041922ED91} = {827E0CD3-B72D-47B6-A68D-7590B98EB39B}
		{E714CD1A-EE90-488D-9A90-18D114C2074F} = {827E0CD3-B72D-47B6-A68D-7590B98EB39B}
		{BD50B17F-C61D-4B0B-A767-4508F61368D6} = {827E0CD3-B72D-47B6-A68D-7590B98EB39B}
		{024FFF30-B5FA-423E-A504-FEB9B15DB6E8} = {827E0CD3-B72D-47B6-A68D-7590B98EB39B}
		{E1B17858-23A0-4FAF-89BE-6F173D1B8061} = {0AB3BF05-4346-4AA6-1389-037BE0695223}
		{352C7EC3-AEE0-4922-A6EA-4F2A64E99D24} = {0AB3BF05-4346-4AA6-1389-037BE0695223}
		{AB04B7B8-E2C5-40E7-B0AA-F384A3004F48} = {0AB3BF05-4346-4AA6-1389-037BE0695223}
	EndGlobalSection
EndGlobal
